
Microsoft Visual Studio Solution File, Format Version 12.00
# Visual Studio Version 17
VisualStudioVersion = 17.14.36121.58
MinimumVisualStudioVersion = 10.0.40219.1
Project("{FAE04EC0-301F-11D3-BF4B-00C04F79EFBC}") = "UI", "UI\UI.csproj", "{095DD9D9-B95E-4B61-917E-A0FC44EBB6A2}"
EndProject
Project("{FAE04EC0-301F-11D3-BF4B-00C04F79EFBC}") = "BLL", "BLL\BLL.csproj", "{F84151B8-D361-4F02-9C97-EB34D3595C53}"
EndProject
Project("{FAE04EC0-301F-11D3-BF4B-00C04F79EFBC}") = "DAL", "DAL\DAL.csproj", "{E80BA156-21E1-4A84-8044-9D64A2D82A1F}"
EndProject
Project("{FAE04EC0-301F-11D3-BF4B-00C04F79EFBC}") = "ENTITY", "ENTITY\ENTITY.csproj", "{B28990D2-150B-40BC-814F-B05B6589085F}"
EndProject
Project("{FAE04EC0-301F-11D3-BF4B-00C04F79EFBC}") = "MAPPER", "MAPPER\MAPPER.csproj", "{F0F38B4C-6BC2-4800-AEF2-EA58ECEAD3EB}"
EndProject
Project("{FAE04EC0-301F-11D3-BF4B-00C04F79EFBC}") = "Helper", "Helper\Helper.csproj", "{41B6A503-653F-48E8-B37C-1B7D7F1FB5C8}"
EndProject
Project("{FAE04EC0-301F-11D3-BF4B-00C04F79EFBC}") = "Seguridad", "SessionManager\Seguridad.csproj", "{F2CC505A-FBA9-4437-A078-D469E0374D9C}"
EndProject
Global
	GlobalSection(SolutionConfigurationPlatforms) = preSolution
		Debug|Any CPU = Debug|Any CPU
		Release|Any CPU = Release|Any CPU
	EndGlobalSection
	GlobalSection(ProjectConfigurationPlatforms) = postSolution
		{095DD9D9-B95E-4B61-917E-A0FC44EBB6A2}.Debug|Any CPU.ActiveCfg = Debug|Any CPU
		{095DD9D9-B95E-4B61-917E-A0FC44EBB6A2}.Debug|Any CPU.Build.0 = Debug|Any CPU
		{095DD9D9-B95E-4B61-917E-A0FC44EBB6A2}.Release|Any CPU.ActiveCfg = Release|Any CPU
		{095DD9D9-B95E-4B61-917E-A0FC44EBB6A2}.Release|Any CPU.Build.0 = Release|Any CPU
		{F84151B8-D361-4F02-9C97-EB34D3595C53}.Debug|Any CPU.ActiveCfg = Debug|Any CPU
		{F84151B8-D361-4F02-9C97-EB34D3595C53}.Debug|Any CPU.Build.0 = Debug|Any CPU
		{F84151B8-D361-4F02-9C97-EB34D3595C53}.Release|Any CPU.ActiveCfg = Release|Any CPU
		{F84151B8-D361-4F02-9C97-EB34D3595C53}.Release|Any CPU.Build.0 = Release|Any CPU
		{E80BA156-21E1-4A84-8044-9D64A2D82A1F}.Debug|Any CPU.ActiveCfg = Debug|Any CPU
		{E80BA156-21E1-4A84-8044-9D64A2D82A1F}.Debug|Any CPU.Build.0 = Debug|Any CPU
		{E80BA156-21E1-4A84-8044-9D64A2D82A1F}.Release|Any CPU.ActiveCfg = Release|Any CPU
		{E80BA156-21E1-4A84-8044-9D64A2D82A1F}.Release|Any CPU.Build.0 = Release|Any CPU
		{B28990D2-150B-40BC-814F-B05B6589085F}.Debug|Any CPU.ActiveCfg = Debug|Any CPU
		{B28990D2-150B-40BC-814F-B05B6589085F}.Debug|Any CPU.Build.0 = Debug|Any CPU
		{B28990D2-150B-40BC-814F-B05B6589085F}.Release|Any CPU.ActiveCfg = Release|Any CPU
		{B28990D2-150B-40BC-814F-B05B6589085F}.Release|Any CPU.Build.0 = Release|Any CPU
		{F0F38B4C-6BC2-4800-AEF2-EA58ECEAD3EB}.Debug|Any CPU.ActiveCfg = Debug|Any CPU
		{F0F38B4C-6BC2-4800-AEF2-EA58ECEAD3EB}.Debug|Any CPU.Build.0 = Debug|Any CPU
		{F0F38B4C-6BC2-4800-AEF2-EA58ECEAD3EB}.Release|Any CPU.ActiveCfg = Release|Any CPU
		{F0F38B4C-6BC2-4800-AEF2-EA58ECEAD3EB}.Release|Any CPU.Build.0 = Release|Any CPU
		{41B6A503-653F-48E8-B37C-1B7D7F1FB5C8}.Debug|Any CPU.ActiveCfg = Debug|Any CPU
		{41B6A503-653F-48E8-B37C-1B7D7F1FB5C8}.Debug|Any CPU.Build.0 = Debug|Any CPU
		{41B6A503-653F-48E8-B37C-1B7D7F1FB5C8}.Release|Any CPU.ActiveCfg = Release|Any CPU
		{41B6A503-653F-48E8-B37C-1B7D7F1FB5C8}.Release|Any CPU.Build.0 = Release|Any CPU
		{F2CC505A-FBA9-4437-A078-D469E0374D9C}.Debug|Any CPU.ActiveCfg = Debug|Any CPU
		{F2CC505A-FBA9-4437-A078-D469E0374D9C}.Debug|Any CPU.Build.0 = Debug|Any CPU
		{F2CC505A-FBA9-4437-A078-D469E0374D9C}.Release|Any CPU.ActiveCfg = Release|Any CPU
		{F2CC505A-FBA9-4437-A078-D469E0374D9C}.Release|Any CPU.Build.0 = Release|Any CPU
	EndGlobalSection
	GlobalSection(SolutionProperties) = preSolution
		HideSolutionNode = FALSE
	EndGlobalSection
	GlobalSection(ExtensibilityGlobals) = postSolution
		SolutionGuid = {AA068059-1D13-4A6A-9528-67692169118A}
	EndGlobalSection
EndGlobal
